
Microsoft Visual Studio Solution File, Format Version 12.00
# Visual Studio Version 16
VisualStudioVersion = 16.0.30413.136
MinimumVisualStudioVersion = 10.0.40219.1
Project("{FAE04EC0-301F-11D3-BF4B-00C04F79EFBC}") = "recursion2", "recursion2\recursion2.csproj", "{24E54BB4-1CAC-4508-ACFA-33168E246C0E}"
EndProject
Global
	GlobalSection(SolutionConfigurationPlatforms) = preSolution
		Debug|Any CPU = Debug|Any CPU
		Release|Any CPU = Release|Any CPU
	EndGlobalSection
	GlobalSection(ProjectConfigurationPlatforms) = postSolution
		{24E54BB4-1CAC-4508-ACFA-33168E246C0E}.Debug|Any CPU.ActiveCfg = Debug|Any CPU
		{24E54BB4-1CAC-4508-ACFA-33168E246C0E}.Debug|Any CPU.Build.0 = Debug|Any CPU
		{24E54BB4-1CAC-4508-ACFA-33168E246C0E}.Release|Any CPU.ActiveCfg = Release|Any CPU
		{24E54BB4-1CAC-4508-ACFA-33168E246C0E}.Release|Any CPU.Build.0 = Release|Any CPU
	EndGlobalSection
	GlobalSection(SolutionProperties) = preSolution
		HideSolutionNode = FALSE
	EndGlobalSection
	GlobalSection(ExtensibilityGlobals) = postSolution
		SolutionGuid = {D0458E0A-128E-4B1B-9847-ACE39EC9E210}
	EndGlobalSection
EndGlobal
